// !$*UTF8*$!
{
	archiveVersion = 1;
	classes = {
	};
	objectVersion = 46;
	objects = {

/* Begin PBXBuildFile section */
		045A7DB21A776ADE004CC9F7 /* AppDelegate.swift in Sources */ = {isa = PBXBuildFile; fileRef = 045A7DB11A776ADE004CC9F7 /* AppDelegate.swift */; };
		045A7DB41A776ADE004CC9F7 /* ViewController.swift in Sources */ = {isa = PBXBuildFile; fileRef = 045A7DB31A776ADE004CC9F7 /* ViewController.swift */; };
		045A7DB71A776ADE004CC9F7 /* Main.storyboard in Resources */ = {isa = PBXBuildFile; fileRef = 045A7DB51A776ADE004CC9F7 /* Main.storyboard */; };
		045A7DB91A776ADE004CC9F7 /* Images.xcassets in Resources */ = {isa = PBXBuildFile; fileRef = 045A7DB81A776ADE004CC9F7 /* Images.xcassets */; };
		045A7DBC1A776ADE004CC9F7 /* LaunchScreen.xib in Resources */ = {isa = PBXBuildFile; fileRef = 045A7DBA1A776ADE004CC9F7 /* LaunchScreen.xib */; };
		045A7DC81A776ADE004CC9F7 /* csvTestingTests.swift in Sources */ = {isa = PBXBuildFile; fileRef = 045A7DC71A776ADE004CC9F7 /* csvTestingTests.swift */; };
		045A7DD41A776B18004CC9F7 /* users_with_crlf.csv in Resources */ = {isa = PBXBuildFile; fileRef = 045A7DD11A776B18004CC9F7 /* users_with_crlf.csv */; };
		045A7DD51A776B18004CC9F7 /* users.csv in Resources */ = {isa = PBXBuildFile; fileRef = 045A7DD21A776B18004CC9F7 /* users.csv */; };
		045A7DD61A776B18004CC9F7 /* users.tsv in Resources */ = {isa = PBXBuildFile; fileRef = 045A7DD31A776B18004CC9F7 /* users.tsv */; };
		045A7DD81A776B21004CC9F7 /* CSV.swift in Sources */ = {isa = PBXBuildFile; fileRef = 045A7DD71A776B21004CC9F7 /* CSV.swift */; };
/* End PBXBuildFile section */

/* Begin PBXContainerItemProxy section */
		045A7DC21A776ADE004CC9F7 /* PBXContainerItemProxy */ = {
			isa = PBXContainerItemProxy;
			containerPortal = 045A7DA41A776ADE004CC9F7 /* Project object */;
			proxyType = 1;
			remoteGlobalIDString = 045A7DAB1A776ADE004CC9F7;
			remoteInfo = csvTesting;
		};
/* End PBXContainerItemProxy section */

/* Begin PBXFileReference section */
		045A7DAC1A776ADE004CC9F7 /* csvTesting.app */ = {isa = PBXFileReference; explicitFileType = wrapper.application; includeInIndex = 0; path = csvTesting.app; sourceTree = BUILT_PRODUCTS_DIR; };
		045A7DB01A776ADE004CC9F7 /* Info.plist */ = {isa = PBXFileReference; lastKnownFileType = text.plist.xml; path = Info.plist; sourceTree = "<group>"; };
		045A7DB11A776ADE004CC9F7 /* AppDelegate.swift */ = {isa = PBXFileReference; lastKnownFileType = sourcecode.swift; path = AppDelegate.swift; sourceTree = "<group>"; };
		045A7DB31A776ADE004CC9F7 /* ViewController.swift */ = {isa = PBXFileReference; lastKnownFileType = sourcecode.swift; path = ViewController.swift; sourceTree = "<group>"; };
		045A7DB61A776ADE004CC9F7 /* Base */ = {isa = PBXFileReference; lastKnownFileType = file.storyboard; name = Base; path = Base.lproj/Main.storyboard; sourceTree = "<group>"; };
		045A7DB81A776ADE004CC9F7 /* Images.xcassets */ = {isa = PBXFileReference; lastKnownFileType = folder.assetcatalog; path = Images.xcassets; sourceTree = "<group>"; };
		045A7DBB1A776ADE004CC9F7 /* Base */ = {isa = PBXFileReference; lastKnownFileType = file.xib; name = Base; path = Base.lproj/LaunchScreen.xib; sourceTree = "<group>"; };
		045A7DC11A776ADE004CC9F7 /* csvTestingTests.xctest */ = {isa = PBXFileReference; explicitFileType = wrapper.cfbundle; includeInIndex = 0; path = csvTestingTests.xctest; sourceTree = BUILT_PRODUCTS_DIR; };
		045A7DC61A776ADE004CC9F7 /* Info.plist */ = {isa = PBXFileReference; lastKnownFileType = text.plist.xml; path = Info.plist; sourceTree = "<group>"; };
		045A7DC71A776ADE004CC9F7 /* csvTestingTests.swift */ = {isa = PBXFileReference; lastKnownFileType = sourcecode.swift; path = csvTestingTests.swift; sourceTree = "<group>"; };
		045A7DD11A776B18004CC9F7 /* users_with_crlf.csv */ = {isa = PBXFileReference; fileEncoding = 4; lastKnownFileType = text; path = users_with_crlf.csv; sourceTree = "<group>"; };
		045A7DD21A776B18004CC9F7 /* users.csv */ = {isa = PBXFileReference; fileEncoding = 4; lastKnownFileType = text; path = users.csv; sourceTree = "<group>"; };
		045A7DD31A776B18004CC9F7 /* users.tsv */ = {isa = PBXFileReference; fileEncoding = 4; lastKnownFileType = text; path = users.tsv; sourceTree = "<group>"; };
		045A7DD71A776B21004CC9F7 /* CSV.swift */ = {isa = PBXFileReference; fileEncoding = 4; lastKnownFileType = sourcecode.swift; path = CSV.swift; sourceTree = "<group>"; };
/* End PBXFileReference section */

/* Begin PBXFrameworksBuildPhase section */
		045A7DA91A776ADE004CC9F7 /* Frameworks */ = {
			isa = PBXFrameworksBuildPhase;
			buildActionMask = 2147483647;
			files = (
			);
			runOnlyForDeploymentPostprocessing = 0;
		};
		045A7DBE1A776ADE004CC9F7 /* Frameworks */ = {
			isa = PBXFrameworksBuildPhase;
			buildActionMask = 2147483647;
			files = (
			);
			runOnlyForDeploymentPostprocessing = 0;
		};
/* End PBXFrameworksBuildPhase section */

/* Begin PBXGroup section */
		045A7DA31A776ADE004CC9F7 = {
			isa = PBXGroup;
			children = (
				045A7DD71A776B21004CC9F7 /* CSV.swift */,
				045A7DAE1A776ADE004CC9F7 /* csvTesting */,
				045A7DC41A776ADE004CC9F7 /* csvTestingTests */,
				045A7DAD1A776ADE004CC9F7 /* Products */,
			);
			sourceTree = "<group>";
		};
		045A7DAD1A776ADE004CC9F7 /* Products */ = {
			isa = PBXGroup;
			children = (
				045A7DAC1A776ADE004CC9F7 /* csvTesting.app */,
				045A7DC11A776ADE004CC9F7 /* csvTestingTests.xctest */,
			);
			name = Products;
			sourceTree = "<group>";
		};
		045A7DAE1A776ADE004CC9F7 /* csvTesting */ = {
			isa = PBXGroup;
			children = (
				045A7DB11A776ADE004CC9F7 /* AppDelegate.swift */,
				045A7DB31A776ADE004CC9F7 /* ViewController.swift */,
				045A7DB51A776ADE004CC9F7 /* Main.storyboard */,
				045A7DB81A776ADE004CC9F7 /* Images.xcassets */,
				045A7DBA1A776ADE004CC9F7 /* LaunchScreen.xib */,
				045A7DAF1A776ADE004CC9F7 /* Supporting Files */,
			);
			path = csvTesting;
			sourceTree = "<group>";
		};
		045A7DAF1A776ADE004CC9F7 /* Supporting Files */ = {
			isa = PBXGroup;
			children = (
				045A7DD11A776B18004CC9F7 /* users_with_crlf.csv */,
				045A7DD21A776B18004CC9F7 /* users.csv */,
				045A7DD31A776B18004CC9F7 /* users.tsv */,
				045A7DB01A776ADE004CC9F7 /* Info.plist */,
			);
			name = "Supporting Files";
			sourceTree = "<group>";
		};
		045A7DC41A776ADE004CC9F7 /* csvTestingTests */ = {
			isa = PBXGroup;
			children = (
				045A7DC71A776ADE004CC9F7 /* csvTestingTests.swift */,
				045A7DC51A776ADE004CC9F7 /* Supporting Files */,
			);
			path = csvTestingTests;
			sourceTree = "<group>";
		};
		045A7DC51A776ADE004CC9F7 /* Supporting Files */ = {
			isa = PBXGroup;
			children = (
				045A7DC61A776ADE004CC9F7 /* Info.plist */,
			);
			name = "Supporting Files";
			sourceTree = "<group>";
		};
/* End PBXGroup section */

/* Begin PBXNativeTarget section */
		045A7DAB1A776ADE004CC9F7 /* csvTesting */ = {
			isa = PBXNativeTarget;
			buildConfigurationList = 045A7DCB1A776ADE004CC9F7 /* Build configuration list for PBXNativeTarget "csvTesting" */;
			buildPhases = (
				045A7DA81A776ADE004CC9F7 /* Sources */,
				045A7DA91A776ADE004CC9F7 /* Frameworks */,
				045A7DAA1A776ADE004CC9F7 /* Resources */,
			);
			buildRules = (
			);
			dependencies = (
			);
			name = csvTesting;
			productName = csvTesting;
			productReference = 045A7DAC1A776ADE004CC9F7 /* csvTesting.app */;
			productType = "com.apple.product-type.application";
		};
		045A7DC01A776ADE004CC9F7 /* csvTestingTests */ = {
			isa = PBXNativeTarget;
			buildConfigurationList = 045A7DCE1A776ADE004CC9F7 /* Build configuration list for PBXNativeTarget "csvTestingTests" */;
			buildPhases = (
				045A7DBD1A776ADE004CC9F7 /* Sources */,
				045A7DBE1A776ADE004CC9F7 /* Frameworks */,
				045A7DBF1A776ADE004CC9F7 /* Resources */,
			);
			buildRules = (
			);
			dependencies = (
				045A7DC31A776ADE004CC9F7 /* PBXTargetDependency */,
			);
			name = csvTestingTests;
			productName = csvTestingTests;
			productReference = 045A7DC11A776ADE004CC9F7 /* csvTestingTests.xctest */;
			productType = "com.apple.product-type.bundle.unit-test";
		};
/* End PBXNativeTarget section */

/* Begin PBXProject section */
		045A7DA41A776ADE004CC9F7 /* Project object */ = {
			isa = PBXProject;
			attributes = {
				LastUpgradeCheck = 0610;
				ORGANIZATIONNAME = "Variya Soft Solutions";
				TargetAttributes = {
					045A7DAB1A776ADE004CC9F7 = {
						CreatedOnToolsVersion = 6.1;
					};
					045A7DC01A776ADE004CC9F7 = {
						CreatedOnToolsVersion = 6.1;
						TestTargetID = 045A7DAB1A776ADE004CC9F7;
					};
				};
			};
			buildConfigurationList = 045A7DA71A776ADE004CC9F7 /* Build configuration list for PBXProject "csvTesting" */;
			compatibilityVersion = "Xcode 3.2";
			developmentRegion = English;
			hasScannedForEncodings = 0;
			knownRegions = (
				en,
				Base,
			);
			mainGroup = 045A7DA31A776ADE004CC9F7;
			productRefGroup = 045A7DAD1A776ADE004CC9F7 /* Products */;
			projectDirPath = "";
			projectRoot = "";
			targets = (
				045A7DAB1A776ADE004CC9F7 /* csvTesting */,
				045A7DC01A776ADE004CC9F7 /* csvTestingTests */,
			);
		};
/* End PBXProject section */

/* Begin PBXResourcesBuildPhase section */
		045A7DAA1A776ADE004CC9F7 /* Resources */ = {
			isa = PBXResourcesBuildPhase;
			buildActionMask = 2147483647;
			files = (
				045A7DD61A776B18004CC9F7 /* users.tsv in Resources */,
				045A7DD41A776B18004CC9F7 /* users_with_crlf.csv in Resources */,
				045A7DB71A776ADE004CC9F7 /* Main.storyboard in Resources */,
				045A7DD51A776B18004CC9F7 /* users.csv in Resources */,
				045A7DBC1A776ADE004CC9F7 /* LaunchScreen.xib in Resources */,
				045A7DB91A776ADE004CC9F7 /* Images.xcassets in Resources */,
			);
			runOnlyForDeploymentPostprocessing = 0;
		};
		045A7DBF1A776ADE004CC9F7 /* Resources */ = {
			isa = PBXResourcesBuildPhase;
			buildActionMask = 2147483647;
			files = (
			);
			runOnlyForDeploymentPostprocessing = 0;
		};
/* End PBXResourcesBuildPhase section */

/* Begin PBXSourcesBuildPhase section */
		045A7DA81A776ADE004CC9F7 /* Sources */ = {
			isa = PBXSourcesBuildPhase;
			buildActionMask = 2147483647;
			files = (
				045A7DB41A776ADE004CC9F7 /* ViewController.swift in Sources */,
				045A7DB21A776ADE004CC9F7 /* AppDelegate.swift in Sources */,
				045A7DD81A776B21004CC9F7 /* CSV.swift in Sources */,
			);
			runOnlyForDeploymentPostprocessing = 0;
		};
		045A7DBD1A776ADE004CC9F7 /* Sources */ = {
			isa = PBXSourcesBuildPhase;
			buildActionMask = 2147483647;
			files = (
				045A7DC81A776ADE004CC9F7 /* csvTestingTests.swift in Sources */,
			);
			runOnlyForDeploymentPostprocessing = 0;
		};
/* End PBXSourcesBuildPhase section */

/* Begin PBXTargetDependency section */
		045A7DC31A776ADE004CC9F7 /* PBXTargetDependency */ = {
			isa = PBXTargetDependency;
			target = 045A7DAB1A776ADE004CC9F7 /* csvTesting */;
			targetProxy = 045A7DC21A776ADE004CC9F7 /* PBXContainerItemProxy */;
		};
/* End PBXTargetDependency section */

/* Begin PBXVariantGroup section */
		045A7DB51A776ADE004CC9F7 /* Main.storyboard */ = {
			isa = PBXVariantGroup;
			children = (
				045A7DB61A776ADE004CC9F7 /* Base */,
			);
			name = Main.storyboard;
			sourceTree = "<group>";
		};
		045A7DBA1A776ADE004CC9F7 /* LaunchScreen.xib */ = {
			isa = PBXVariantGroup;
			children = (
				045A7DBB1A776ADE004CC9F7 /* Base */,
			);
			name = LaunchScreen.xib;
			sourceTree = "<group>";
		};
/* End PBXVariantGroup section */

/* Begin XCBuildConfiguration section */
		045A7DC91A776ADE004CC9F7 /* Debug */ = {
			isa = XCBuildConfiguration;
			buildSettings = {
				ALWAYS_SEARCH_USER_PATHS = NO;
				CLANG_CXX_LANGUAGE_STANDARD = "gnu++0x";
				CLANG_CXX_LIBRARY = "libc++";
				CLANG_ENABLE_MODULES = YES;
				CLANG_ENABLE_OBJC_ARC = YES;
				CLANG_WARN_BOOL_CONVERSION = YES;
				CLANG_WARN_CONSTANT_CONVERSION = YES;
				CLANG_WARN_DIRECT_OBJC_ISA_USAGE = YES_ERROR;
				CLANG_WARN_EMPTY_BODY = YES;
				CLANG_WARN_ENUM_CONVERSION = YES;
				CLANG_WARN_INT_CONVERSION = YES;
				CLANG_WARN_OBJC_ROOT_CLASS = YES_ERROR;
				CLANG_WARN_UNREACHABLE_CODE = YES;
				CLANG_WARN__DUPLICATE_METHOD_MATCH = YES;
				"CODE_SIGN_IDENTITY[sdk=iphoneos*]" = "iPhone Developer";
				COPY_PHASE_STRIP = NO;
				ENABLE_STRICT_OBJC_MSGSEND = YES;
				GCC_C_LANGUAGE_STANDARD = gnu99;
				GCC_DYNAMIC_NO_PIC = NO;
				GCC_OPTIMIZATION_LEVEL = 0;
				GCC_PREPROCESSOR_DEFINITIONS = (
					"DEBUG=1",
					"$(inherited)",
				);
				GCC_SYMBOLS_PRIVATE_EXTERN = NO;
				GCC_WARN_64_TO_32_BIT_CONVERSION = YES;
				GCC_WARN_ABOUT_RETURN_TYPE = YES_ERROR;
				GCC_WARN_UNDECLARED_SELECTOR = YES;
				GCC_WARN_UNINITIALIZED_AUTOS = YES_AGGRESSIVE;
				GCC_WARN_UNUSED_FUNCTION = YES;
				GCC_WARN_UNUSED_VARIABLE = YES;
				IPHONEOS_DEPLOYMENT_TARGET = 8.1;
				MTL_ENABLE_DEBUG_INFO = YES;
				ONLY_ACTIVE_ARCH = YES;
				SDKROOT = iphoneos;
				SWIFT_OPTIMIZATION_LEVEL = "-Onone";
				TARGETED_DEVICE_FAMILY = "1,2";
			};
			name = Debug;
		};
		045A7DCA1A776ADE004CC9F7 /* Release */ = {
			isa = XCBuildConfiguration;
			buildSettings = {
				ALWAYS_SEARCH_USER_PATHS = NO;
				CLANG_CXX_LANGUAGE_STANDARD = "gnu++0x";
				CLANG_CXX_LIBRARY = "libc++";
				CLANG_ENABLE_MODULES = YES;
				CLANG_ENABLE_OBJC_ARC = YES;
				CLANG_WARN_BOOL_CONVERSION = YES;
				CLANG_WARN_CONSTANT_CONVERSION = YES;
				CLANG_WARN_DIRECT_OBJC_ISA_USAGE = YES_ERROR;
				CLANG_WARN_EMPTY_BODY = YES;
				CLANG_WARN_ENUM_CONVERSION = YES;
				CLANG_WARN_INT_CONVERSION = YES;
				CLANG_WARN_OBJC_ROOT_CLASS = YES_ERROR;
				CLANG_WARN_UNREACHABLE_CODE = YES;
				CLANG_WARN__DUPLICATE_METHOD_MATCH = YES;
				"CODE_SIGN_IDENTITY[sdk=iphoneos*]" = "iPhone Developer";
				COPY_PHASE_STRIP = YES;
				ENABLE_NS_ASSERTIONS = NO;
				ENABLE_STRICT_OBJC_MSGSEND = YES;
				GCC_C_LANGUAGE_STANDARD = gnu99;
				GCC_WARN_64_TO_32_BIT_CONVERSION = YES;
				GCC_WARN_ABOUT_RETURN_TYPE = YES_ERROR;
				GCC_WARN_UNDECLARED_SELECTOR = YES;
				GCC_WARN_UNINITIALIZED_AUTOS = YES_AGGRESSIVE;
				GCC_WARN_UNUSED_FUNCTION = YES;
				GCC_WARN_UNUSED_VARIABLE = YES;
				IPHONEOS_DEPLOYMENT_TARGET = 8.1;
				MTL_ENABLE_DEBUG_INFO = NO;
				SDKROOT = iphoneos;
				TARGETED_DEVICE_FAMILY = "1,2";
				VALIDATE_PRODUCT = YES;
			};
			name = Release;
		};
		045A7DCC1A776ADE004CC9F7 /* Debug */ = {
			isa = XCBuildConfiguration;
			buildSettings = {
				ASSETCATALOG_COMPILER_APPICON_NAME = AppIcon;
				INFOPLIST_FILE = csvTesting/Info.plist;
				LD_RUNPATH_SEARCH_PATHS = "$(inherited) @executable_path/Frameworks";
				PRODUCT_NAME = "$(TARGET_NAME)";
			};
			name = Debug;
		};
		045A7DCD1A776ADE004CC9F7 /* Release */ = {
			isa = XCBuildConfiguration;
			buildSettings = {
				ASSETCATALOG_COMPILER_APPICON_NAME = AppIcon;
				INFOPLIST_FILE = csvTesting/Info.plist;
				LD_RUNPATH_SEARCH_PATHS = "$(inherited) @executable_path/Frameworks";
				PRODUCT_NAME = "$(TARGET_NAME)";
			};
			name = Release;
		};
		045A7DCF1A776ADE004CC9F7 /* Debug */ = {
			isa = XCBuildConfiguration;
			buildSettings = {
				BUNDLE_LOADER = "$(TEST_HOST)";
				FRAMEWORK_SEARCH_PATHS = (
					"$(SDKROOT)/Developer/Library/Frameworks",
					"$(inherited)",
				);
				GCC_PREPROCESSOR_DEFINITIONS = (
					"DEBUG=1",
					"$(inherited)",
				);
				INFOPLIST_FILE = csvTestingTests/Info.plist;
				LD_RUNPATH_SEARCH_PATHS = "$(inherited) @executable_path/Frameworks @loader_path/Frameworks";
				PRODUCT_NAME = "$(TARGET_NAME)";
				TEST_HOST = "$(BUILT_PRODUCTS_DIR)/csvTesting.app/csvTesting";
			};
			name = Debug;
		};
		045A7DD01A776ADE004CC9F7 /* Release */ = {
			isa = XCBuildConfiguration;
			buildSettings = {
				BUNDLE_LOADER = "$(TEST_HOST)";
				FRAMEWORK_SEARCH_PATHS = (
					"$(SDKROOT)/Developer/Library/Frameworks",
					"$(inherited)",
				);
				INFOPLIST_FILE = csvTestingTests/Info.plist;
				LD_RUNPATH_SEARCH_PATHS = "$(inherited) @executable_path/Frameworks @loader_path/Frameworks";
				PRODUCT_NAME = "$(TARGET_NAME)";
				TEST_HOST = "$(BUILT_PRODUCTS_DIR)/csvTesting.app/csvTesting";
			};
			name = Release;
		};
/* End XCBuildConfiguration section */

/* Begin XCConfigurationList section */
		045A7DA71A776ADE004CC9F7 /* Build configuration list for PBXProject "csvTesting" */ = {
			isa = XCConfigurationList;
			buildConfigurations = (
				045A7DC91A776ADE004CC9F7 /* Debug */,
				045A7DCA1A776ADE004CC9F7 /* Release */,
			);
			defaultConfigurationIsVisible = 0;
			defaultConfigurationName = Release;
		};
		045A7DCB1A776ADE004CC9F7 /* Build configuration list for PBXNativeTarget "csvTesting" */ = {
			isa = XCConfigurationList;
			buildConfigurations = (
				045A7DCC1A776ADE004CC9F7 /* Debug */,
				045A7DCD1A776ADE004CC9F7 /* Release */,
			);
			defaultConfigurationIsVisible = 0;
		};
		045A7DCE1A776ADE004CC9F7 /* Build configuration list for PBXNativeTarget "csvTestingTests" */ = {
			isa = XCConfigurationList;
			buildConfigurations = (
				045A7DCF1A776ADE004CC9F7 /* Debug */,
				045A7DD01A776ADE004CC9F7 /* Release */,
			);
			defaultConfigurationIsVisible = 0;
		};
/* End XCConfigurationList section */
	};
	rootObject = 045A7DA41A776ADE004CC9F7 /* Project object */;
}
